
Microsoft Visual Studio Solution File, Format Version 12.00
# Visual Studio Version 17
VisualStudioVersion = 17.2.32630.192
MinimumVisualStudioVersion = 10.0.40219.1
Project("{FAE04EC0-301F-11D3-BF4B-00C04F79EFBC}") = "does it have green", "does it have green\does it have green.csproj", "{77820E0C-7DAE-4AB6-B5D6-6D41B725DA51}"
EndProject
Global
	GlobalSection(SolutionConfigurationPlatforms) = preSolution
		Debug|Any CPU = Debug|Any CPU
		Release|Any CPU = Release|Any CPU
	EndGlobalSection
	GlobalSection(ProjectConfigurationPlatforms) = postSolution
		{77820E0C-7DAE-4AB6-B5D6-6D41B725DA51}.Debug|Any CPU.ActiveCfg = Debug|Any CPU
		{77820E0C-7DAE-4AB6-B5D6-6D41B725DA51}.Debug|Any CPU.Build.0 = Debug|Any CPU
		{77820E0C-7DAE-4AB6-B5D6-6D41B725DA51}.Release|Any CPU.ActiveCfg = Release|Any CPU
		{77820E0C-7DAE-4AB6-B5D6-6D41B725DA51}.Release|Any CPU.Build.0 = Release|Any CPU
	EndGlobalSection
	GlobalSection(SolutionProperties) = preSolution
		HideSolutionNode = FALSE
	EndGlobalSection
	GlobalSection(ExtensibilityGlobals) = postSolution
		SolutionGuid = {A637E96C-65D6-45D4-BA5B-585E38075338}
	EndGlobalSection
EndGlobal
